
Microsoft Visual Studio Solution File, Format Version 12.00
# Visual Studio 14
VisualStudioVersion = 14.0.25123.0
MinimumVisualStudioVersion = 10.0.40219.1
Project("{FAE04EC0-301F-11D3-BF4B-00C04F79EFBC}") = "Day01", "Day01\Day01.csproj", "{D0CAE268-5F74-4D1B-8B98-0323E7EBBE47}"
EndProject
Project("{FAE04EC0-301F-11D3-BF4B-00C04F79EFBC}") = "Day02", "Day02\Day02.csproj", "{5417BA8C-9F9A-43CE-886E-B45F1B223090}"
EndProject
Global
	GlobalSection(SolutionConfigurationPlatforms) = preSolution
		Debug|Any CPU = Debug|Any CPU
		Release|Any CPU = Release|Any CPU
	EndGlobalSection
	GlobalSection(ProjectConfigurationPlatforms) = postSolution
		{D0CAE268-5F74-4D1B-8B98-0323E7EBBE47}.Debug|Any CPU.ActiveCfg = Debug|Any CPU
		{D0CAE268-5F74-4D1B-8B98-0323E7EBBE47}.Debug|Any CPU.Build.0 = Debug|Any CPU
		{D0CAE268-5F74-4D1B-8B98-0323E7EBBE47}.Release|Any CPU.ActiveCfg = Release|Any CPU
		{D0CAE268-5F74-4D1B-8B98-0323E7EBBE47}.Release|Any CPU.Build.0 = Release|Any CPU
		{5417BA8C-9F9A-43CE-886E-B45F1B223090}.Debug|Any CPU.ActiveCfg = Debug|Any CPU
		{5417BA8C-9F9A-43CE-886E-B45F1B223090}.Debug|Any CPU.Build.0 = Debug|Any CPU
		{5417BA8C-9F9A-43CE-886E-B45F1B223090}.Release|Any CPU.ActiveCfg = Release|Any CPU
		{5417BA8C-9F9A-43CE-886E-B45F1B223090}.Release|Any CPU.Build.0 = Release|Any CPU
	EndGlobalSection
	GlobalSection(SolutionProperties) = preSolution
		HideSolutionNode = FALSE
	EndGlobalSection
EndGlobal
